
Microsoft Visual Studio Solution File, Format Version 12.00
# Visual Studio Version 17
VisualStudioVersion = 17.2.32526.322
MinimumVisualStudioVersion = 10.0.40219.1
Project("{9A19103F-16F7-4668-BE54-9A1E7A4F7556}") = "1_FormGiris", "1_FormGiris\1_FormGiris.csproj", "{6A36B32B-F450-4551-8BDA-7F58585D598E}"
EndProject
Project("{9A19103F-16F7-4668-BE54-9A1E7A4F7556}") = "2_Form", "2_Form\2_Form.csproj", "{2D30CDA7-4C76-42FC-A7D9-85AB0CE57EDD}"
EndProject
Project("{9A19103F-16F7-4668-BE54-9A1E7A4F7556}") = "3_Form", "3_Form\3_Form.csproj", "{AC066C14-327C-49FD-8A73-2B37E06DADA7}"
EndProject
Project("{9A19103F-16F7-4668-BE54-9A1E7A4F7556}") = "4_WpfForm", "4_WpfForm\4_WpfForm.csproj", "{AD665FD6-60D3-4997-B72A-1282C57349AA}"
EndProject
Project("{9A19103F-16F7-4668-BE54-9A1E7A4F7556}") = "4_WpfForm_1", "4_WpfForm_1\4_WpfForm_1.csproj", "{DD386D7F-67DD-4D08-9DD3-E780C0367C8F}"
EndProject
Project("{9A19103F-16F7-4668-BE54-9A1E7A4F7556}") = "4_WpfForm_2", "4_WpfForm_2\4_WpfForm_2.csproj", "{7E3B7A6C-8952-4B1E-9C08-B82002C828AC}"
EndProject
Project("{9A19103F-16F7-4668-BE54-9A1E7A4F7556}") = "4_WpfForm_3", "4_WpfForm_3\4_WpfForm_3.csproj", "{DC4D9629-9D0A-4A0A-9A40-39DF93BB8701}"
EndProject
Project("{9A19103F-16F7-4668-BE54-9A1E7A4F7556}") = "4_WpfForm_4", "4_WpfForm_4\4_WpfForm_4.csproj", "{78782A53-F3B6-4137-A9A4-96DD1C70D2DE}"
EndProject
Project("{9A19103F-16F7-4668-BE54-9A1E7A4F7556}") = "4_WpfForm_5", "4_WpfForm_5\4_WpfForm_5.csproj", "{3F712388-4B70-4F34-9BDE-44C6E98375AF}"
EndProject
Project("{9A19103F-16F7-4668-BE54-9A1E7A4F7556}") = "4_WpfForm_6", "4_WpfForm_6\4_WpfForm_6.csproj", "{6947C0FE-00E4-43D4-A2D7-4008C8AFAC9A}"
EndProject
Project("{FAE04EC0-301F-11D3-BF4B-00C04F79EFBC}") = "4_WpfForm_7", "4_WpfForm_7\4_WpfForm_7.csproj", "{58F6057E-0201-4A1A-BFDA-0E4C87B407A8}"
EndProject
Project("{FAE04EC0-301F-11D3-BF4B-00C04F79EFBC}") = "5_WpfCrud", "5_WpfCrud\5_WpfCrud.csproj", "{CF504B84-E531-4100-9E23-A963469D9771}"
EndProject
Global
	GlobalSection(SolutionConfigurationPlatforms) = preSolution
		Debug|Any CPU = Debug|Any CPU
		Release|Any CPU = Release|Any CPU
	EndGlobalSection
	GlobalSection(ProjectConfigurationPlatforms) = postSolution
		{6A36B32B-F450-4551-8BDA-7F58585D598E}.Debug|Any CPU.ActiveCfg = Debug|Any CPU
		{6A36B32B-F450-4551-8BDA-7F58585D598E}.Debug|Any CPU.Build.0 = Debug|Any CPU
		{6A36B32B-F450-4551-8BDA-7F58585D598E}.Release|Any CPU.ActiveCfg = Release|Any CPU
		{6A36B32B-F450-4551-8BDA-7F58585D598E}.Release|Any CPU.Build.0 = Release|Any CPU
		{2D30CDA7-4C76-42FC-A7D9-85AB0CE57EDD}.Debug|Any CPU.ActiveCfg = Debug|Any CPU
		{2D30CDA7-4C76-42FC-A7D9-85AB0CE57EDD}.Debug|Any CPU.Build.0 = Debug|Any CPU
		{2D30CDA7-4C76-42FC-A7D9-85AB0CE57EDD}.Release|Any CPU.ActiveCfg = Release|Any CPU
		{2D30CDA7-4C76-42FC-A7D9-85AB0CE57EDD}.Release|Any CPU.Build.0 = Release|Any CPU
		{AC066C14-327C-49FD-8A73-2B37E06DADA7}.Debug|Any CPU.ActiveCfg = Debug|Any CPU
		{AC066C14-327C-49FD-8A73-2B37E06DADA7}.Debug|Any CPU.Build.0 = Debug|Any CPU
		{AC066C14-327C-49FD-8A73-2B37E06DADA7}.Release|Any CPU.ActiveCfg = Release|Any CPU
		{AC066C14-327C-49FD-8A73-2B37E06DADA7}.Release|Any CPU.Build.0 = Release|Any CPU
		{AD665FD6-60D3-4997-B72A-1282C57349AA}.Debug|Any CPU.ActiveCfg = Debug|Any CPU
		{AD665FD6-60D3-4997-B72A-1282C57349AA}.Debug|Any CPU.Build.0 = Debug|Any CPU
		{AD665FD6-60D3-4997-B72A-1282C57349AA}.Release|Any CPU.ActiveCfg = Release|Any CPU
		{AD665FD6-60D3-4997-B72A-1282C57349AA}.Release|Any CPU.Build.0 = Release|Any CPU
		{DD386D7F-67DD-4D08-9DD3-E780C0367C8F}.Debug|Any CPU.ActiveCfg = Debug|Any CPU
		{DD386D7F-67DD-4D08-9DD3-E780C0367C8F}.Debug|Any CPU.Build.0 = Debug|Any CPU
		{DD386D7F-67DD-4D08-9DD3-E780C0367C8F}.Release|Any CPU.ActiveCfg = Release|Any CPU
		{DD386D7F-67DD-4D08-9DD3-E780C0367C8F}.Release|Any CPU.Build.0 = Release|Any CPU
		{7E3B7A6C-8952-4B1E-9C08-B82002C828AC}.Debug|Any CPU.ActiveCfg = Debug|Any CPU
		{7E3B7A6C-8952-4B1E-9C08-B82002C828AC}.Debug|Any CPU.Build.0 = Debug|Any CPU
		{7E3B7A6C-8952-4B1E-9C08-B82002C828AC}.Release|Any CPU.ActiveCfg = Release|Any CPU
		{7E3B7A6C-8952-4B1E-9C08-B82002C828AC}.Release|Any CPU.Build.0 = Release|Any CPU
		{DC4D9629-9D0A-4A0A-9A40-39DF93BB8701}.Debug|Any CPU.ActiveCfg = Debug|Any CPU
		{DC4D9629-9D0A-4A0A-9A40-39DF93BB8701}.Debug|Any CPU.Build.0 = Debug|Any CPU
		{DC4D9629-9D0A-4A0A-9A40-39DF93BB8701}.Release|Any CPU.ActiveCfg = Release|Any CPU
		{DC4D9629-9D0A-4A0A-9A40-39DF93BB8701}.Release|Any CPU.Build.0 = Release|Any CPU
		{78782A53-F3B6-4137-A9A4-96DD1C70D2DE}.Debug|Any CPU.ActiveCfg = Debug|Any CPU
		{78782A53-F3B6-4137-A9A4-96DD1C70D2DE}.Debug|Any CPU.Build.0 = Debug|Any CPU
		{78782A53-F3B6-4137-A9A4-96DD1C70D2DE}.Release|Any CPU.ActiveCfg = Release|Any CPU
		{78782A53-F3B6-4137-A9A4-96DD1C70D2DE}.Release|Any CPU.Build.0 = Release|Any CPU
		{3F712388-4B70-4F34-9BDE-44C6E98375AF}.Debug|Any CPU.ActiveCfg = Debug|Any CPU
		{3F712388-4B70-4F34-9BDE-44C6E98375AF}.Debug|Any CPU.Build.0 = Debug|Any CPU
		{3F712388-4B70-4F34-9BDE-44C6E98375AF}.Release|Any CPU.ActiveCfg = Release|Any CPU
		{3F712388-4B70-4F34-9BDE-44C6E98375AF}.Release|Any CPU.Build.0 = Release|Any CPU
		{6947C0FE-00E4-43D4-A2D7-4008C8AFAC9A}.Debug|Any CPU.ActiveCfg = Debug|Any CPU
		{6947C0FE-00E4-43D4-A2D7-4008C8AFAC9A}.Debug|Any CPU.Build.0 = Debug|Any CPU
		{6947C0FE-00E4-43D4-A2D7-4008C8AFAC9A}.Release|Any CPU.ActiveCfg = Release|Any CPU
		{6947C0FE-00E4-43D4-A2D7-4008C8AFAC9A}.Release|Any CPU.Build.0 = Release|Any CPU
		{58F6057E-0201-4A1A-BFDA-0E4C87B407A8}.Debug|Any CPU.ActiveCfg = Debug|Any CPU
		{58F6057E-0201-4A1A-BFDA-0E4C87B407A8}.Debug|Any CPU.Build.0 = Debug|Any CPU
		{58F6057E-0201-4A1A-BFDA-0E4C87B407A8}.Release|Any CPU.ActiveCfg = Release|Any CPU
		{58F6057E-0201-4A1A-BFDA-0E4C87B407A8}.Release|Any CPU.Build.0 = Release|Any CPU
		{CF504B84-E531-4100-9E23-A963469D9771}.Debug|Any CPU.ActiveCfg = Debug|Any CPU
		{CF504B84-E531-4100-9E23-A963469D9771}.Debug|Any CPU.Build.0 = Debug|Any CPU
		{CF504B84-E531-4100-9E23-A963469D9771}.Release|Any CPU.ActiveCfg = Release|Any CPU
		{CF504B84-E531-4100-9E23-A963469D9771}.Release|Any CPU.Build.0 = Release|Any CPU
	EndGlobalSection
	GlobalSection(SolutionProperties) = preSolution
		HideSolutionNode = FALSE
	EndGlobalSection
	GlobalSection(ExtensibilityGlobals) = postSolution
		SolutionGuid = {33BEAE0D-2412-4836-AACE-A6E229E239C9}
	EndGlobalSection
EndGlobal
